// !$*UTF8*$!
{
	archiveVersion = 1;
	classes = {
	};
	objectVersion = 56;
	objects = {

/* Begin PBXBuildFile section */
		FB443BCC2BC95A080036E2D9 /* BasketView.swift in Sources */ = {isa = PBXBuildFile; fileRef = FB443BCB2BC95A080036E2D9 /* BasketView.swift */; };
		FB504B072BC6BE4A00AC1AED /* ProductCollectionViewCell.swift in Sources */ = {isa = PBXBuildFile; fileRef = FB504B062BC6BE4A00AC1AED /* ProductCollectionViewCell.swift */; };
		FB504B092BC6C5FB00AC1AED /* SuggestedProductCellPresenter.swift in Sources */ = {isa = PBXBuildFile; fileRef = FB504B082BC6C5FB00AC1AED /* SuggestedProductCellPresenter.swift */; };
		FB504B0B2BC6CE6700AC1AED /* UIImageViewExtension.swift in Sources */ = {isa = PBXBuildFile; fileRef = FB504B0A2BC6CE6700AC1AED /* UIImageViewExtension.swift */; };
		FB504B0E2BC6CECB00AC1AED /* SDWebImage in Frameworks */ = {isa = PBXBuildFile; productRef = FB504B0D2BC6CECB00AC1AED /* SDWebImage */; };
		FB504B112BC7259100AC1AED /* ProductRepository.swift in Sources */ = {isa = PBXBuildFile; fileRef = FB504B102BC7259100AC1AED /* ProductRepository.swift */; };
		FB6B7AE52BC547B600044824 /* AppDelegate.swift in Sources */ = {isa = PBXBuildFile; fileRef = FB6B7AE42BC547B600044824 /* AppDelegate.swift */; };
		FB6B7AE72BC547B600044824 /* SceneDelegate.swift in Sources */ = {isa = PBXBuildFile; fileRef = FB6B7AE62BC547B600044824 /* SceneDelegate.swift */; };
		FB6B7AEE2BC547B800044824 /* Assets.xcassets in Resources */ = {isa = PBXBuildFile; fileRef = FB6B7AED2BC547B800044824 /* Assets.xcassets */; };
		FB6B7AF12BC547B800044824 /* Base in Resources */ = {isa = PBXBuildFile; fileRef = FB6B7AF02BC547B800044824 /* Base */; };
		FB6B7AFC2BC547B800044824 /* GetirFinalCaseTests.swift in Sources */ = {isa = PBXBuildFile; fileRef = FB6B7AFB2BC547B800044824 /* GetirFinalCaseTests.swift */; };
		FB6B7B062BC547B800044824 /* GetirFinalCaseUITests.swift in Sources */ = {isa = PBXBuildFile; fileRef = FB6B7B052BC547B800044824 /* GetirFinalCaseUITests.swift */; };
		FB6B7B082BC547B800044824 /* GetirFinalCaseUITestsLaunchTests.swift in Sources */ = {isa = PBXBuildFile; fileRef = FB6B7B072BC547B800044824 /* GetirFinalCaseUITestsLaunchTests.swift */; };
		FB6B7B1F2BC54B7600044824 /* BaseViewController.swift in Sources */ = {isa = PBXBuildFile; fileRef = FB6B7B1E2BC54B7600044824 /* BaseViewController.swift */; };
		FB6B7B212BC54C2D00044824 /* SplashViewController.swift in Sources */ = {isa = PBXBuildFile; fileRef = FB6B7B202BC54C2D00044824 /* SplashViewController.swift */; };
		FB6B7B232BC54C8900044824 /* SplashInteractor.swift in Sources */ = {isa = PBXBuildFile; fileRef = FB6B7B222BC54C8900044824 /* SplashInteractor.swift */; };
		FB6B7B252BC54D8300044824 /* SplashPresenter.swift in Sources */ = {isa = PBXBuildFile; fileRef = FB6B7B242BC54D8300044824 /* SplashPresenter.swift */; };
		FB6B7B272BC54E7D00044824 /* SplashRouter.swift in Sources */ = {isa = PBXBuildFile; fileRef = FB6B7B262BC54E7D00044824 /* SplashRouter.swift */; };
		FB6B7B2A2BC550BE00044824 /* Reachibility.swift in Sources */ = {isa = PBXBuildFile; fileRef = FB6B7B292BC550BE00044824 /* Reachibility.swift */; };
		FB6B7B2C2BC5519900044824 /* StringExtension.swift in Sources */ = {isa = PBXBuildFile; fileRef = FB6B7B2B2BC5519900044824 /* StringExtension.swift */; };
		FB6B7B2E2BC551CC00044824 /* UIColorExtension.swift in Sources */ = {isa = PBXBuildFile; fileRef = FB6B7B2D2BC551CC00044824 /* UIColorExtension.swift */; };
		FB6B7B322BC5522B00044824 /* UIImageExtension.swift in Sources */ = {isa = PBXBuildFile; fileRef = FB6B7B312BC5522B00044824 /* UIImageExtension.swift */; };
		FB6B7B342BC55C0A00044824 /* HomeViewController.swift in Sources */ = {isa = PBXBuildFile; fileRef = FB6B7B332BC55C0A00044824 /* HomeViewController.swift */; };
		FB6B7B362BC55DAC00044824 /* HomePresenter.swift in Sources */ = {isa = PBXBuildFile; fileRef = FB6B7B352BC55DAC00044824 /* HomePresenter.swift */; };
		FB6B7B382BC5635900044824 /* HomeEntitiy.swift in Sources */ = {isa = PBXBuildFile; fileRef = FB6B7B372BC5635900044824 /* HomeEntitiy.swift */; };
		FB6B7B3A2BC563B500044824 /* HomeInteractor.swift in Sources */ = {isa = PBXBuildFile; fileRef = FB6B7B392BC563B500044824 /* HomeInteractor.swift */; };
		FB6B7B3C2BC563BB00044824 /* HomeRouter.swift in Sources */ = {isa = PBXBuildFile; fileRef = FB6B7B3B2BC563BB00044824 /* HomeRouter.swift */; };
		FB6B7B3F2BC5800A00044824 /* CompositionalLayout.swift in Sources */ = {isa = PBXBuildFile; fileRef = FB6B7B3E2BC5800A00044824 /* CompositionalLayout.swift */; };
		FB6B7B422BC59B9300044824 /* ProductServiceManager.swift in Sources */ = {isa = PBXBuildFile; fileRef = FB6B7B412BC59B9300044824 /* ProductServiceManager.swift */; };
		FB6B7B452BC59BFA00044824 /* Moya in Frameworks */ = {isa = PBXBuildFile; productRef = FB6B7B442BC59BFA00044824 /* Moya */; };
		FB6B7B472BC59BFA00044824 /* RxMoya in Frameworks */ = {isa = PBXBuildFile; productRef = FB6B7B462BC59BFA00044824 /* RxMoya */; };
		FB6B7B492BC59C7D00044824 /* ProductService.swift in Sources */ = {isa = PBXBuildFile; fileRef = FB6B7B482BC59C7D00044824 /* ProductService.swift */; };
		FB6B7B4B2BC59CAD00044824 /* ProductService+Extension.swift in Sources */ = {isa = PBXBuildFile; fileRef = FB6B7B4A2BC59CAD00044824 /* ProductService+Extension.swift */; };
		FB6E35192BC73707002F2ECD /* ProductCellPresenter.swift in Sources */ = {isa = PBXBuildFile; fileRef = FB6E35182BC73707002F2ECD /* ProductCellPresenter.swift */; };
		FBAD9ED42BC81E6400E52138 /* Realm in Frameworks */ = {isa = PBXBuildFile; productRef = FBAD9ED32BC81E6400E52138 /* Realm */; };
		FBAD9ED62BC81E6400E52138 /* RealmSwift in Frameworks */ = {isa = PBXBuildFile; productRef = FBAD9ED52BC81E6400E52138 /* RealmSwift */; };
		FBAD9ED82BC822E000E52138 /* ProductEntitiy.swift in Sources */ = {isa = PBXBuildFile; fileRef = FBAD9ED72BC822E000E52138 /* ProductEntitiy.swift */; };
		FBAD9EDC2BC8355F00E52138 /* NotificationExtension.swift in Sources */ = {isa = PBXBuildFile; fileRef = FBAD9EDB2BC8355F00E52138 /* NotificationExtension.swift */; };
		FBAD9EDE2BC8396C00E52138 /* LoadingView.swift in Sources */ = {isa = PBXBuildFile; fileRef = FBAD9EDD2BC8396C00E52138 /* LoadingView.swift */; };
		FBAD9EE02BC83A5700E52138 /* LoadingShowable.swift in Sources */ = {isa = PBXBuildFile; fileRef = FBAD9EDF2BC83A5700E52138 /* LoadingShowable.swift */; };
		FBB67A682BC74957009E8199 /* CollectionViewHeaderReusableView.swift in Sources */ = {isa = PBXBuildFile; fileRef = FBB67A672BC74957009E8199 /* CollectionViewHeaderReusableView.swift */; };
/* End PBXBuildFile section */

/* Begin PBXContainerItemProxy section */
		FB6B7AF82BC547B800044824 /* PBXContainerItemProxy */ = {
			isa = PBXContainerItemProxy;
			containerPortal = FB6B7AD92BC547B600044824 /* Project object */;
			proxyType = 1;
			remoteGlobalIDString = FB6B7AE02BC547B600044824;
			remoteInfo = GetirFinalCase;
		};
		FB6B7B022BC547B800044824 /* PBXContainerItemProxy */ = {
			isa = PBXContainerItemProxy;
			containerPortal = FB6B7AD92BC547B600044824 /* Project object */;
			proxyType = 1;
			remoteGlobalIDString = FB6B7AE02BC547B600044824;
			remoteInfo = GetirFinalCase;
		};
/* End PBXContainerItemProxy section */

/* Begin PBXFileReference section */
		FB443BCB2BC95A080036E2D9 /* BasketView.swift */ = {isa = PBXFileReference; lastKnownFileType = sourcecode.swift; path = BasketView.swift; sourceTree = "<group>"; };
		FB504B062BC6BE4A00AC1AED /* ProductCollectionViewCell.swift */ = {isa = PBXFileReference; lastKnownFileType = sourcecode.swift; path = ProductCollectionViewCell.swift; sourceTree = "<group>"; };
		FB504B082BC6C5FB00AC1AED /* SuggestedProductCellPresenter.swift */ = {isa = PBXFileReference; lastKnownFileType = sourcecode.swift; path = SuggestedProductCellPresenter.swift; sourceTree = "<group>"; };
		FB504B0A2BC6CE6700AC1AED /* UIImageViewExtension.swift */ = {isa = PBXFileReference; lastKnownFileType = sourcecode.swift; path = UIImageViewExtension.swift; sourceTree = "<group>"; };
		FB504B102BC7259100AC1AED /* ProductRepository.swift */ = {isa = PBXFileReference; lastKnownFileType = sourcecode.swift; path = ProductRepository.swift; sourceTree = "<group>"; };
		FB6B7AE12BC547B600044824 /* GetirFinalCase.app */ = {isa = PBXFileReference; explicitFileType = wrapper.application; includeInIndex = 0; path = GetirFinalCase.app; sourceTree = BUILT_PRODUCTS_DIR; };
		FB6B7AE42BC547B600044824 /* AppDelegate.swift */ = {isa = PBXFileReference; lastKnownFileType = sourcecode.swift; path = AppDelegate.swift; sourceTree = "<group>"; };
		FB6B7AE62BC547B600044824 /* SceneDelegate.swift */ = {isa = PBXFileReference; lastKnownFileType = sourcecode.swift; path = SceneDelegate.swift; sourceTree = "<group>"; };
		FB6B7AED2BC547B800044824 /* Assets.xcassets */ = {isa = PBXFileReference; lastKnownFileType = folder.assetcatalog; path = Assets.xcassets; sourceTree = "<group>"; };
		FB6B7AF02BC547B800044824 /* Base */ = {isa = PBXFileReference; lastKnownFileType = file.storyboard; name = Base; path = Base.lproj/LaunchScreen.storyboard; sourceTree = "<group>"; };
		FB6B7AF22BC547B800044824 /* Info.plist */ = {isa = PBXFileReference; lastKnownFileType = text.plist.xml; path = Info.plist; sourceTree = "<group>"; };
		FB6B7AF72BC547B800044824 /* GetirFinalCaseTests.xctest */ = {isa = PBXFileReference; explicitFileType = wrapper.cfbundle; includeInIndex = 0; path = GetirFinalCaseTests.xctest; sourceTree = BUILT_PRODUCTS_DIR; };
		FB6B7AFB2BC547B800044824 /* GetirFinalCaseTests.swift */ = {isa = PBXFileReference; lastKnownFileType = sourcecode.swift; path = GetirFinalCaseTests.swift; sourceTree = "<group>"; };
		FB6B7B012BC547B800044824 /* GetirFinalCaseUITests.xctest */ = {isa = PBXFileReference; explicitFileType = wrapper.cfbundle; includeInIndex = 0; path = GetirFinalCaseUITests.xctest; sourceTree = BUILT_PRODUCTS_DIR; };
		FB6B7B052BC547B800044824 /* GetirFinalCaseUITests.swift */ = {isa = PBXFileReference; lastKnownFileType = sourcecode.swift; path = GetirFinalCaseUITests.swift; sourceTree = "<group>"; };
		FB6B7B072BC547B800044824 /* GetirFinalCaseUITestsLaunchTests.swift */ = {isa = PBXFileReference; lastKnownFileType = sourcecode.swift; path = GetirFinalCaseUITestsLaunchTests.swift; sourceTree = "<group>"; };
		FB6B7B1E2BC54B7600044824 /* BaseViewController.swift */ = {isa = PBXFileReference; lastKnownFileType = sourcecode.swift; path = BaseViewController.swift; sourceTree = "<group>"; };
		FB6B7B202BC54C2D00044824 /* SplashViewController.swift */ = {isa = PBXFileReference; lastKnownFileType = sourcecode.swift; path = SplashViewController.swift; sourceTree = "<group>"; };
		FB6B7B222BC54C8900044824 /* SplashInteractor.swift */ = {isa = PBXFileReference; lastKnownFileType = sourcecode.swift; path = SplashInteractor.swift; sourceTree = "<group>"; };
		FB6B7B242BC54D8300044824 /* SplashPresenter.swift */ = {isa = PBXFileReference; lastKnownFileType = sourcecode.swift; path = SplashPresenter.swift; sourceTree = "<group>"; };
		FB6B7B262BC54E7D00044824 /* SplashRouter.swift */ = {isa = PBXFileReference; lastKnownFileType = sourcecode.swift; path = SplashRouter.swift; sourceTree = "<group>"; };
		FB6B7B292BC550BE00044824 /* Reachibility.swift */ = {isa = PBXFileReference; lastKnownFileType = sourcecode.swift; path = Reachibility.swift; sourceTree = "<group>"; };
		FB6B7B2B2BC5519900044824 /* StringExtension.swift */ = {isa = PBXFileReference; lastKnownFileType = sourcecode.swift; path = StringExtension.swift; sourceTree = "<group>"; };
		FB6B7B2D2BC551CC00044824 /* UIColorExtension.swift */ = {isa = PBXFileReference; lastKnownFileType = sourcecode.swift; path = UIColorExtension.swift; sourceTree = "<group>"; };
		FB6B7B312BC5522B00044824 /* UIImageExtension.swift */ = {isa = PBXFileReference; lastKnownFileType = sourcecode.swift; path = UIImageExtension.swift; sourceTree = "<group>"; };
		FB6B7B332BC55C0A00044824 /* HomeViewController.swift */ = {isa = PBXFileReference; lastKnownFileType = sourcecode.swift; path = HomeViewController.swift; sourceTree = "<group>"; };
		FB6B7B352BC55DAC00044824 /* HomePresenter.swift */ = {isa = PBXFileReference; lastKnownFileType = sourcecode.swift; path = HomePresenter.swift; sourceTree = "<group>"; };
		FB6B7B372BC5635900044824 /* HomeEntitiy.swift */ = {isa = PBXFileReference; lastKnownFileType = sourcecode.swift; path = HomeEntitiy.swift; sourceTree = "<group>"; };
		FB6B7B392BC563B500044824 /* HomeInteractor.swift */ = {isa = PBXFileReference; lastKnownFileType = sourcecode.swift; path = HomeInteractor.swift; sourceTree = "<group>"; };
		FB6B7B3B2BC563BB00044824 /* HomeRouter.swift */ = {isa = PBXFileReference; lastKnownFileType = sourcecode.swift; path = HomeRouter.swift; sourceTree = "<group>"; };
		FB6B7B3E2BC5800A00044824 /* CompositionalLayout.swift */ = {isa = PBXFileReference; lastKnownFileType = sourcecode.swift; path = CompositionalLayout.swift; sourceTree = "<group>"; };
		FB6B7B412BC59B9300044824 /* ProductServiceManager.swift */ = {isa = PBXFileReference; lastKnownFileType = sourcecode.swift; path = ProductServiceManager.swift; sourceTree = "<group>"; };
		FB6B7B482BC59C7D00044824 /* ProductService.swift */ = {isa = PBXFileReference; lastKnownFileType = sourcecode.swift; path = ProductService.swift; sourceTree = "<group>"; };
		FB6B7B4A2BC59CAD00044824 /* ProductService+Extension.swift */ = {isa = PBXFileReference; lastKnownFileType = sourcecode.swift; path = "ProductService+Extension.swift"; sourceTree = "<group>"; };
		FB6E35182BC73707002F2ECD /* ProductCellPresenter.swift */ = {isa = PBXFileReference; lastKnownFileType = sourcecode.swift; path = ProductCellPresenter.swift; sourceTree = "<group>"; };
		FBAD9ED72BC822E000E52138 /* ProductEntitiy.swift */ = {isa = PBXFileReference; lastKnownFileType = sourcecode.swift; path = ProductEntitiy.swift; sourceTree = "<group>"; };
		FBAD9EDB2BC8355F00E52138 /* NotificationExtension.swift */ = {isa = PBXFileReference; lastKnownFileType = sourcecode.swift; path = NotificationExtension.swift; sourceTree = "<group>"; };
		FBAD9EDD2BC8396C00E52138 /* LoadingView.swift */ = {isa = PBXFileReference; lastKnownFileType = sourcecode.swift; path = LoadingView.swift; sourceTree = "<group>"; };
		FBAD9EDF2BC83A5700E52138 /* LoadingShowable.swift */ = {isa = PBXFileReference; lastKnownFileType = sourcecode.swift; path = LoadingShowable.swift; sourceTree = "<group>"; };
		FBB67A672BC74957009E8199 /* CollectionViewHeaderReusableView.swift */ = {isa = PBXFileReference; lastKnownFileType = sourcecode.swift; path = CollectionViewHeaderReusableView.swift; sourceTree = "<group>"; };
/* End PBXFileReference section */

/* Begin PBXFrameworksBuildPhase section */
		FB6B7ADE2BC547B600044824 /* Frameworks */ = {
			isa = PBXFrameworksBuildPhase;
			buildActionMask = 2147483647;
			files = (
				FB504B0E2BC6CECB00AC1AED /* SDWebImage in Frameworks */,
				FB6B7B472BC59BFA00044824 /* RxMoya in Frameworks */,
				FBAD9ED42BC81E6400E52138 /* Realm in Frameworks */,
				FBAD9ED62BC81E6400E52138 /* RealmSwift in Frameworks */,
				FB6B7B452BC59BFA00044824 /* Moya in Frameworks */,
			);
			runOnlyForDeploymentPostprocessing = 0;
		};
		FB6B7AF42BC547B800044824 /* Frameworks */ = {
			isa = PBXFrameworksBuildPhase;
			buildActionMask = 2147483647;
			files = (
			);
			runOnlyForDeploymentPostprocessing = 0;
		};
		FB6B7AFE2BC547B800044824 /* Frameworks */ = {
			isa = PBXFrameworksBuildPhase;
			buildActionMask = 2147483647;
			files = (
			);
			runOnlyForDeploymentPostprocessing = 0;
		};
/* End PBXFrameworksBuildPhase section */

/* Begin PBXGroup section */
		FB504B042BC6BE0000AC1AED /* Cells */ = {
			isa = PBXGroup;
			children = (
				FBB67A662BC7492C009E8199 /* ReusableHeader */,
				FB6E35172BC736E9002F2ECD /* ProductCell */,
				FB504B052BC6BE2D00AC1AED /* SuggestedProductCell */,
			);
			path = Cells;
			sourceTree = "<group>";
		};
		FB504B052BC6BE2D00AC1AED /* SuggestedProductCell */ = {
			isa = PBXGroup;
			children = (
				FB504B082BC6C5FB00AC1AED /* SuggestedProductCellPresenter.swift */,
			);
			path = SuggestedProductCell;
			sourceTree = "<group>";
		};
		FB504B0F2BC7258100AC1AED /* ProductRepository */ = {
			isa = PBXGroup;
			children = (
				FB504B102BC7259100AC1AED /* ProductRepository.swift */,
				FBAD9ED72BC822E000E52138 /* ProductEntitiy.swift */,
			);
			path = ProductRepository;
			sourceTree = "<group>";
		};
		FB6B7AD82BC547B600044824 = {
			isa = PBXGroup;
			children = (
				FB6B7AE32BC547B600044824 /* GetirFinalCase */,
				FB6B7AFA2BC547B800044824 /* GetirFinalCaseTests */,
				FB6B7B042BC547B800044824 /* GetirFinalCaseUITests */,
				FB6B7AE22BC547B600044824 /* Products */,
			);
			sourceTree = "<group>";
		};
		FB6B7AE22BC547B600044824 /* Products */ = {
			isa = PBXGroup;
			children = (
				FB6B7AE12BC547B600044824 /* GetirFinalCase.app */,
				FB6B7AF72BC547B800044824 /* GetirFinalCaseTests.xctest */,
				FB6B7B012BC547B800044824 /* GetirFinalCaseUITests.xctest */,
			);
			name = Products;
			sourceTree = "<group>";
		};
		FB6B7AE32BC547B600044824 /* GetirFinalCase */ = {
			isa = PBXGroup;
			children = (
				FB6B7B1B2BC54A9100044824 /* App */,
				FB6B7B142BC54A4100044824 /* Module */,
				FB6B7B1A2BC54A8400044824 /* Resources */,
				FB6B7AF22BC547B800044824 /* Info.plist */,
				FB6B7AEF2BC547B800044824 /* LaunchScreen.storyboard */,
			);
			path = GetirFinalCase;
			sourceTree = "<group>";
		};
		FB6B7AFA2BC547B800044824 /* GetirFinalCaseTests */ = {
			isa = PBXGroup;
			children = (
				FB6B7AFB2BC547B800044824 /* GetirFinalCaseTests.swift */,
			);
			path = GetirFinalCaseTests;
			sourceTree = "<group>";
		};
		FB6B7B042BC547B800044824 /* GetirFinalCaseUITests */ = {
			isa = PBXGroup;
			children = (
				FB6B7B052BC547B800044824 /* GetirFinalCaseUITests.swift */,
				FB6B7B072BC547B800044824 /* GetirFinalCaseUITestsLaunchTests.swift */,
			);
			path = GetirFinalCaseUITests;
			sourceTree = "<group>";
		};
		FB6B7B142BC54A4100044824 /* Module */ = {
			isa = PBXGroup;
			children = (
				FB6B7B152BC54A4900044824 /* Base */,
				FB6B7B192BC54A7900044824 /* Basket */,
				FB6B7B162BC54A4D00044824 /* Detail */,
				FB6B7B182BC54A6500044824 /* Home */,
				FB6B7B172BC54A5D00044824 /* Splash */,
			);
			path = Module;
			sourceTree = "<group>";
		};
		FB6B7B152BC54A4900044824 /* Base */ = {
			isa = PBXGroup;
			children = (
				FB6B7B1E2BC54B7600044824 /* BaseViewController.swift */,
			);
			path = Base;
			sourceTree = "<group>";
		};
		FB6B7B162BC54A4D00044824 /* Detail */ = {
			isa = PBXGroup;
			children = (
			);
			path = Detail;
			sourceTree = "<group>";
		};
		FB6B7B172BC54A5D00044824 /* Splash */ = {
			isa = PBXGroup;
			children = (
				FB6B7B202BC54C2D00044824 /* SplashViewController.swift */,
				FB6B7B222BC54C8900044824 /* SplashInteractor.swift */,
				FB6B7B242BC54D8300044824 /* SplashPresenter.swift */,
				FB6B7B262BC54E7D00044824 /* SplashRouter.swift */,
			);
			path = Splash;
			sourceTree = "<group>";
		};
		FB6B7B182BC54A6500044824 /* Home */ = {
			isa = PBXGroup;
			children = (
				FB504B042BC6BE0000AC1AED /* Cells */,
				FB6B7B332BC55C0A00044824 /* HomeViewController.swift */,
				FB6B7B352BC55DAC00044824 /* HomePresenter.swift */,
				FB6B7B372BC5635900044824 /* HomeEntitiy.swift */,
				FB6B7B392BC563B500044824 /* HomeInteractor.swift */,
				FB6B7B3B2BC563BB00044824 /* HomeRouter.swift */,
			);
			path = Home;
			sourceTree = "<group>";
		};
		FB6B7B192BC54A7900044824 /* Basket */ = {
			isa = PBXGroup;
			children = (
			);
			path = Basket;
			sourceTree = "<group>";
		};
		FB6B7B1A2BC54A8400044824 /* Resources */ = {
			isa = PBXGroup;
			children = (
				FB6B7B402BC59B4D00044824 /* Service */,
				FB6B7B1D2BC54A9F00044824 /* Utils */,
				FB6B7B1C2BC54A9700044824 /* Extensions */,
			);
			path = Resources;
			sourceTree = "<group>";
		};
		FB6B7B1B2BC54A9100044824 /* App */ = {
			isa = PBXGroup;
			children = (
				FB6B7AE42BC547B600044824 /* AppDelegate.swift */,
				FB6B7AE62BC547B600044824 /* SceneDelegate.swift */,
				FB6B7AED2BC547B800044824 /* Assets.xcassets */,
			);
			path = App;
			sourceTree = "<group>";
		};
		FB6B7B1C2BC54A9700044824 /* Extensions */ = {
			isa = PBXGroup;
			children = (
				FB6B7B2B2BC5519900044824 /* StringExtension.swift */,
				FB6B7B2D2BC551CC00044824 /* UIColorExtension.swift */,
				FB6B7B312BC5522B00044824 /* UIImageExtension.swift */,
				FB504B0A2BC6CE6700AC1AED /* UIImageViewExtension.swift */,
				FBAD9EDB2BC8355F00E52138 /* NotificationExtension.swift */,
			);
			path = Extensions;
			sourceTree = "<group>";
		};
		FB6B7B1D2BC54A9F00044824 /* Utils */ = {
			isa = PBXGroup;
			children = (
				FB504B0F2BC7258100AC1AED /* ProductRepository */,
				FB6B7B3D2BC57FFC00044824 /* CompositionalLayout */,
				FB6B7B282BC550AF00044824 /* Reachibility */,
				FBAD9EDD2BC8396C00E52138 /* LoadingView.swift */,
				FBAD9EDF2BC83A5700E52138 /* LoadingShowable.swift */,
				FB443BCB2BC95A080036E2D9 /* BasketView.swift */,
			);
			path = Utils;
			sourceTree = "<group>";
		};
		FB6B7B282BC550AF00044824 /* Reachibility */ = {
			isa = PBXGroup;
			children = (
				FB6B7B292BC550BE00044824 /* Reachibility.swift */,
			);
			path = Reachibility;
			sourceTree = "<group>";
		};
		FB6B7B3D2BC57FFC00044824 /* CompositionalLayout */ = {
			isa = PBXGroup;
			children = (
				FB6B7B3E2BC5800A00044824 /* CompositionalLayout.swift */,
			);
			path = CompositionalLayout;
			sourceTree = "<group>";
		};
		FB6B7B402BC59B4D00044824 /* Service */ = {
			isa = PBXGroup;
			children = (
				FB6B7B412BC59B9300044824 /* ProductServiceManager.swift */,
				FB6B7B482BC59C7D00044824 /* ProductService.swift */,
				FB6B7B4A2BC59CAD00044824 /* ProductService+Extension.swift */,
			);
			path = Service;
			sourceTree = "<group>";
		};
		FB6E35172BC736E9002F2ECD /* ProductCell */ = {
			isa = PBXGroup;
			children = (
				FB504B062BC6BE4A00AC1AED /* ProductCollectionViewCell.swift */,
				FB6E35182BC73707002F2ECD /* ProductCellPresenter.swift */,
			);
			path = ProductCell;
			sourceTree = "<group>";
		};
		FBB67A662BC7492C009E8199 /* ReusableHeader */ = {
			isa = PBXGroup;
			children = (
				FBB67A672BC74957009E8199 /* CollectionViewHeaderReusableView.swift */,
			);
			path = ReusableHeader;
			sourceTree = "<group>";
		};
/* End PBXGroup section */

/* Begin PBXNativeTarget section */
		FB6B7AE02BC547B600044824 /* GetirFinalCase */ = {
			isa = PBXNativeTarget;
			buildConfigurationList = FB6B7B0B2BC547B800044824 /* Build configuration list for PBXNativeTarget "GetirFinalCase" */;
			buildPhases = (
				FB6B7ADD2BC547B600044824 /* Sources */,
				FB6B7ADE2BC547B600044824 /* Frameworks */,
				FB6B7ADF2BC547B600044824 /* Resources */,
			);
			buildRules = (
			);
			dependencies = (
			);
			name = GetirFinalCase;
			packageProductDependencies = (
				FB6B7B442BC59BFA00044824 /* Moya */,
				FB6B7B462BC59BFA00044824 /* RxMoya */,
				FB504B0D2BC6CECB00AC1AED /* SDWebImage */,
				FBAD9ED32BC81E6400E52138 /* Realm */,
				FBAD9ED52BC81E6400E52138 /* RealmSwift */,
			);
			productName = GetirFinalCase;
			productReference = FB6B7AE12BC547B600044824 /* GetirFinalCase.app */;
			productType = "com.apple.product-type.application";
		};
		FB6B7AF62BC547B800044824 /* GetirFinalCaseTests */ = {
			isa = PBXNativeTarget;
			buildConfigurationList = FB6B7B0E2BC547B800044824 /* Build configuration list for PBXNativeTarget "GetirFinalCaseTests" */;
			buildPhases = (
				FB6B7AF32BC547B800044824 /* Sources */,
				FB6B7AF42BC547B800044824 /* Frameworks */,
				FB6B7AF52BC547B800044824 /* Resources */,
			);
			buildRules = (
			);
			dependencies = (
				FB6B7AF92BC547B800044824 /* PBXTargetDependency */,
			);
			name = GetirFinalCaseTests;
			productName = GetirFinalCaseTests;
			productReference = FB6B7AF72BC547B800044824 /* GetirFinalCaseTests.xctest */;
			productType = "com.apple.product-type.bundle.unit-test";
		};
		FB6B7B002BC547B800044824 /* GetirFinalCaseUITests */ = {
			isa = PBXNativeTarget;
			buildConfigurationList = FB6B7B112BC547B800044824 /* Build configuration list for PBXNativeTarget "GetirFinalCaseUITests" */;
			buildPhases = (
				FB6B7AFD2BC547B800044824 /* Sources */,
				FB6B7AFE2BC547B800044824 /* Frameworks */,
				FB6B7AFF2BC547B800044824 /* Resources */,
			);
			buildRules = (
			);
			dependencies = (
				FB6B7B032BC547B800044824 /* PBXTargetDependency */,
			);
			name = GetirFinalCaseUITests;
			productName = GetirFinalCaseUITests;
			productReference = FB6B7B012BC547B800044824 /* GetirFinalCaseUITests.xctest */;
			productType = "com.apple.product-type.bundle.ui-testing";
		};
/* End PBXNativeTarget section */

/* Begin PBXProject section */
		FB6B7AD92BC547B600044824 /* Project object */ = {
			isa = PBXProject;
			attributes = {
				BuildIndependentTargetsInParallel = 1;
				LastSwiftUpdateCheck = 1530;
				LastUpgradeCheck = 1530;
				TargetAttributes = {
					FB6B7AE02BC547B600044824 = {
						CreatedOnToolsVersion = 15.3;
					};
					FB6B7AF62BC547B800044824 = {
						CreatedOnToolsVersion = 15.3;
						TestTargetID = FB6B7AE02BC547B600044824;
					};
					FB6B7B002BC547B800044824 = {
						CreatedOnToolsVersion = 15.3;
						TestTargetID = FB6B7AE02BC547B600044824;
					};
				};
			};
			buildConfigurationList = FB6B7ADC2BC547B600044824 /* Build configuration list for PBXProject "GetirFinalCase" */;
			compatibilityVersion = "Xcode 14.0";
			developmentRegion = en;
			hasScannedForEncodings = 0;
			knownRegions = (
				en,
				Base,
			);
			mainGroup = FB6B7AD82BC547B600044824;
			packageReferences = (
				FB6B7B432BC59BF900044824 /* XCRemoteSwiftPackageReference "Moya" */,
				FB504B0C2BC6CECB00AC1AED /* XCRemoteSwiftPackageReference "SDWebImage" */,
				FBAD9ED22BC81E6400E52138 /* XCRemoteSwiftPackageReference "realm-swift" */,
			);
			productRefGroup = FB6B7AE22BC547B600044824 /* Products */;
			projectDirPath = "";
			projectRoot = "";
			targets = (
				FB6B7AE02BC547B600044824 /* GetirFinalCase */,
				FB6B7AF62BC547B800044824 /* GetirFinalCaseTests */,
				FB6B7B002BC547B800044824 /* GetirFinalCaseUITests */,
			);
		};
/* End PBXProject section */

/* Begin PBXResourcesBuildPhase section */
		FB6B7ADF2BC547B600044824 /* Resources */ = {
			isa = PBXResourcesBuildPhase;
			buildActionMask = 2147483647;
			files = (
				FB6B7AEE2BC547B800044824 /* Assets.xcassets in Resources */,
				FB6B7AF12BC547B800044824 /* Base in Resources */,
			);
			runOnlyForDeploymentPostprocessing = 0;
		};
		FB6B7AF52BC547B800044824 /* Resources */ = {
			isa = PBXResourcesBuildPhase;
			buildActionMask = 2147483647;
			files = (
			);
			runOnlyForDeploymentPostprocessing = 0;
		};
		FB6B7AFF2BC547B800044824 /* Resources */ = {
			isa = PBXResourcesBuildPhase;
			buildActionMask = 2147483647;
			files = (
			);
			runOnlyForDeploymentPostprocessing = 0;
		};
/* End PBXResourcesBuildPhase section */

/* Begin PBXSourcesBuildPhase section */
		FB6B7ADD2BC547B600044824 /* Sources */ = {
			isa = PBXSourcesBuildPhase;
			buildActionMask = 2147483647;
			files = (
				FB6B7AE52BC547B600044824 /* AppDelegate.swift in Sources */,
				FB6B7AE72BC547B600044824 /* SceneDelegate.swift in Sources */,
				FB6B7B272BC54E7D00044824 /* SplashRouter.swift in Sources */,
				FB6B7B3F2BC5800A00044824 /* CompositionalLayout.swift in Sources */,
				FB6B7B492BC59C7D00044824 /* ProductService.swift in Sources */,
				FBB67A682BC74957009E8199 /* CollectionViewHeaderReusableView.swift in Sources */,
				FBAD9EDC2BC8355F00E52138 /* NotificationExtension.swift in Sources */,
				FB6B7B3A2BC563B500044824 /* HomeInteractor.swift in Sources */,
				FB6B7B232BC54C8900044824 /* SplashInteractor.swift in Sources */,
				FB6B7B3C2BC563BB00044824 /* HomeRouter.swift in Sources */,
				FB6B7B422BC59B9300044824 /* ProductServiceManager.swift in Sources */,
				FB6B7B322BC5522B00044824 /* UIImageExtension.swift in Sources */,
				FB504B092BC6C5FB00AC1AED /* SuggestedProductCellPresenter.swift in Sources */,
				FB504B112BC7259100AC1AED /* ProductRepository.swift in Sources */,
				FBAD9ED82BC822E000E52138 /* ProductEntitiy.swift in Sources */,
				FB6B7B382BC5635900044824 /* HomeEntitiy.swift in Sources */,
				FB504B072BC6BE4A00AC1AED /* ProductCollectionViewCell.swift in Sources */,
				FB6B7B1F2BC54B7600044824 /* BaseViewController.swift in Sources */,
				FB443BCC2BC95A080036E2D9 /* BasketView.swift in Sources */,
				FB6B7B2C2BC5519900044824 /* StringExtension.swift in Sources */,
				FB6B7B212BC54C2D00044824 /* SplashViewController.swift in Sources */,
				FB6B7B2A2BC550BE00044824 /* Reachibility.swift in Sources */,
				FB504B0B2BC6CE6700AC1AED /* UIImageViewExtension.swift in Sources */,
				FBAD9EDE2BC8396C00E52138 /* LoadingView.swift in Sources */,
				FB6B7B362BC55DAC00044824 /* HomePresenter.swift in Sources */,
				FB6B7B252BC54D8300044824 /* SplashPresenter.swift in Sources */,
				FB6B7B2E2BC551CC00044824 /* UIColorExtension.swift in Sources */,
				FB6B7B342BC55C0A00044824 /* HomeViewController.swift in Sources */,
				FB6E35192BC73707002F2ECD /* ProductCellPresenter.swift in Sources */,
				FBAD9EE02BC83A5700E52138 /* LoadingShowable.swift in Sources */,
				FB6B7B4B2BC59CAD00044824 /* ProductService+Extension.swift in Sources */,
			);
			runOnlyForDeploymentPostprocessing = 0;
		};
		FB6B7AF32BC547B800044824 /* Sources */ = {
			isa = PBXSourcesBuildPhase;
			buildActionMask = 2147483647;
			files = (
				FB6B7AFC2BC547B800044824 /* GetirFinalCaseTests.swift in Sources */,
			);
			runOnlyForDeploymentPostprocessing = 0;
		};
		FB6B7AFD2BC547B800044824 /* Sources */ = {
			isa = PBXSourcesBuildPhase;
			buildActionMask = 2147483647;
			files = (
				FB6B7B062BC547B800044824 /* GetirFinalCaseUITests.swift in Sources */,
				FB6B7B082BC547B800044824 /* GetirFinalCaseUITestsLaunchTests.swift in Sources */,
			);
			runOnlyForDeploymentPostprocessing = 0;
		};
/* End PBXSourcesBuildPhase section */

/* Begin PBXTargetDependency section */
		FB6B7AF92BC547B800044824 /* PBXTargetDependency */ = {
			isa = PBXTargetDependency;
			target = FB6B7AE02BC547B600044824 /* GetirFinalCase */;
			targetProxy = FB6B7AF82BC547B800044824 /* PBXContainerItemProxy */;
		};
		FB6B7B032BC547B800044824 /* PBXTargetDependency */ = {
			isa = PBXTargetDependency;
			target = FB6B7AE02BC547B600044824 /* GetirFinalCase */;
			targetProxy = FB6B7B022BC547B800044824 /* PBXContainerItemProxy */;
		};
/* End PBXTargetDependency section */

/* Begin PBXVariantGroup section */
		FB6B7AEF2BC547B800044824 /* LaunchScreen.storyboard */ = {
			isa = PBXVariantGroup;
			children = (
				FB6B7AF02BC547B800044824 /* Base */,
			);
			name = LaunchScreen.storyboard;
			sourceTree = "<group>";
		};
/* End PBXVariantGroup section */

/* Begin XCBuildConfiguration section */
		FB6B7B092BC547B800044824 /* Debug */ = {
			isa = XCBuildConfiguration;
			buildSettings = {
				ALWAYS_SEARCH_USER_PATHS = NO;
				ASSETCATALOG_COMPILER_GENERATE_SWIFT_ASSET_SYMBOL_EXTENSIONS = YES;
				CLANG_ANALYZER_NONNULL = YES;
				CLANG_ANALYZER_NUMBER_OBJECT_CONVERSION = YES_AGGRESSIVE;
				CLANG_CXX_LANGUAGE_STANDARD = "gnu++20";
				CLANG_ENABLE_MODULES = YES;
				CLANG_ENABLE_OBJC_ARC = YES;
				CLANG_ENABLE_OBJC_WEAK = YES;
				CLANG_WARN_BLOCK_CAPTURE_AUTORELEASING = YES;
				CLANG_WARN_BOOL_CONVERSION = YES;
				CLANG_WARN_COMMA = YES;
				CLANG_WARN_CONSTANT_CONVERSION = YES;
				CLANG_WARN_DEPRECATED_OBJC_IMPLEMENTATIONS = YES;
				CLANG_WARN_DIRECT_OBJC_ISA_USAGE = YES_ERROR;
				CLANG_WARN_DOCUMENTATION_COMMENTS = YES;
				CLANG_WARN_EMPTY_BODY = YES;
				CLANG_WARN_ENUM_CONVERSION = YES;
				CLANG_WARN_INFINITE_RECURSION = YES;
				CLANG_WARN_INT_CONVERSION = YES;
				CLANG_WARN_NON_LITERAL_NULL_CONVERSION = YES;
				CLANG_WARN_OBJC_IMPLICIT_RETAIN_SELF = YES;
				CLANG_WARN_OBJC_LITERAL_CONVERSION = YES;
				CLANG_WARN_OBJC_ROOT_CLASS = YES_ERROR;
				CLANG_WARN_QUOTED_INCLUDE_IN_FRAMEWORK_HEADER = YES;
				CLANG_WARN_RANGE_LOOP_ANALYSIS = YES;
				CLANG_WARN_STRICT_PROTOTYPES = YES;
				CLANG_WARN_SUSPICIOUS_MOVE = YES;
				CLANG_WARN_UNGUARDED_AVAILABILITY = YES_AGGRESSIVE;
				CLANG_WARN_UNREACHABLE_CODE = YES;
				CLANG_WARN__DUPLICATE_METHOD_MATCH = YES;
				COPY_PHASE_STRIP = NO;
				DEBUG_INFORMATION_FORMAT = dwarf;
				ENABLE_STRICT_OBJC_MSGSEND = YES;
				ENABLE_TESTABILITY = YES;
				ENABLE_USER_SCRIPT_SANDBOXING = YES;
				GCC_C_LANGUAGE_STANDARD = gnu17;
				GCC_DYNAMIC_NO_PIC = NO;
				GCC_NO_COMMON_BLOCKS = YES;
				GCC_OPTIMIZATION_LEVEL = 0;
				GCC_PREPROCESSOR_DEFINITIONS = (
					"DEBUG=1",
					"$(inherited)",
				);
				GCC_WARN_64_TO_32_BIT_CONVERSION = YES;
				GCC_WARN_ABOUT_RETURN_TYPE = YES_ERROR;
				GCC_WARN_UNDECLARED_SELECTOR = YES;
				GCC_WARN_UNINITIALIZED_AUTOS = YES_AGGRESSIVE;
				GCC_WARN_UNUSED_FUNCTION = YES;
				GCC_WARN_UNUSED_VARIABLE = YES;
				IPHONEOS_DEPLOYMENT_TARGET = 15.0;
				LOCALIZATION_PREFERS_STRING_CATALOGS = YES;
				MTL_ENABLE_DEBUG_INFO = INCLUDE_SOURCE;
				MTL_FAST_MATH = YES;
				ONLY_ACTIVE_ARCH = YES;
				SDKROOT = iphoneos;
				SWIFT_ACTIVE_COMPILATION_CONDITIONS = "DEBUG $(inherited)";
				SWIFT_OPTIMIZATION_LEVEL = "-Onone";
			};
			name = Debug;
		};
		FB6B7B0A2BC547B800044824 /* Release */ = {
			isa = XCBuildConfiguration;
			buildSettings = {
				ALWAYS_SEARCH_USER_PATHS = NO;
				ASSETCATALOG_COMPILER_GENERATE_SWIFT_ASSET_SYMBOL_EXTENSIONS = YES;
				CLANG_ANALYZER_NONNULL = YES;
				CLANG_ANALYZER_NUMBER_OBJECT_CONVERSION = YES_AGGRESSIVE;
				CLANG_CXX_LANGUAGE_STANDARD = "gnu++20";
				CLANG_ENABLE_MODULES = YES;
				CLANG_ENABLE_OBJC_ARC = YES;
				CLANG_ENABLE_OBJC_WEAK = YES;
				CLANG_WARN_BLOCK_CAPTURE_AUTORELEASING = YES;
				CLANG_WARN_BOOL_CONVERSION = YES;
				CLANG_WARN_COMMA = YES;
				CLANG_WARN_CONSTANT_CONVERSION = YES;
				CLANG_WARN_DEPRECATED_OBJC_IMPLEMENTATIONS = YES;
				CLANG_WARN_DIRECT_OBJC_ISA_USAGE = YES_ERROR;
				CLANG_WARN_DOCUMENTATION_COMMENTS = YES;
				CLANG_WARN_EMPTY_BODY = YES;
				CLANG_WARN_ENUM_CONVERSION = YES;
				CLANG_WARN_INFINITE_RECURSION = YES;
				CLANG_WARN_INT_CONVERSION = YES;
				CLANG_WARN_NON_LITERAL_NULL_CONVERSION = YES;
				CLANG_WARN_OBJC_IMPLICIT_RETAIN_SELF = YES;
				CLANG_WARN_OBJC_LITERAL_CONVERSION = YES;
				CLANG_WARN_OBJC_ROOT_CLASS = YES_ERROR;
				CLANG_WARN_QUOTED_INCLUDE_IN_FRAMEWORK_HEADER = YES;
				CLANG_WARN_RANGE_LOOP_ANALYSIS = YES;
				CLANG_WARN_STRICT_PROTOTYPES = YES;
				CLANG_WARN_SUSPICIOUS_MOVE = YES;
				CLANG_WARN_UNGUARDED_AVAILABILITY = YES_AGGRESSIVE;
				CLANG_WARN_UNREACHABLE_CODE = YES;
				CLANG_WARN__DUPLICATE_METHOD_MATCH = YES;
				COPY_PHASE_STRIP = NO;
				DEBUG_INFORMATION_FORMAT = "dwarf-with-dsym";
				ENABLE_NS_ASSERTIONS = NO;
				ENABLE_STRICT_OBJC_MSGSEND = YES;
				ENABLE_USER_SCRIPT_SANDBOXING = YES;
				GCC_C_LANGUAGE_STANDARD = gnu17;
				GCC_NO_COMMON_BLOCKS = YES;
				GCC_WARN_64_TO_32_BIT_CONVERSION = YES;
				GCC_WARN_ABOUT_RETURN_TYPE = YES_ERROR;
				GCC_WARN_UNDECLARED_SELECTOR = YES;
				GCC_WARN_UNINITIALIZED_AUTOS = YES_AGGRESSIVE;
				GCC_WARN_UNUSED_FUNCTION = YES;
				GCC_WARN_UNUSED_VARIABLE = YES;
				IPHONEOS_DEPLOYMENT_TARGET = 15.0;
				LOCALIZATION_PREFERS_STRING_CATALOGS = YES;
				MTL_ENABLE_DEBUG_INFO = NO;
				MTL_FAST_MATH = YES;
				SDKROOT = iphoneos;
				SWIFT_COMPILATION_MODE = wholemodule;
				VALIDATE_PRODUCT = YES;
			};
			name = Release;
		};
		FB6B7B0C2BC547B800044824 /* Debug */ = {
			isa = XCBuildConfiguration;
			buildSettings = {
				ASSETCATALOG_COMPILER_APPICON_NAME = AppIcon;
				ASSETCATALOG_COMPILER_GLOBAL_ACCENT_COLOR_NAME = AccentColor;
				CODE_SIGN_STYLE = Automatic;
				CURRENT_PROJECT_VERSION = 1;
				DEVELOPMENT_TEAM = A94ZNMJSTF;
				GENERATE_INFOPLIST_FILE = YES;
				INFOPLIST_FILE = GetirFinalCase/Info.plist;
				INFOPLIST_KEY_UIApplicationSupportsIndirectInputEvents = YES;
				INFOPLIST_KEY_UILaunchStoryboardName = LaunchScreen;
				INFOPLIST_KEY_UISupportedInterfaceOrientations = UIInterfaceOrientationPortrait;
				INFOPLIST_KEY_UISupportedInterfaceOrientations_iPad = "UIInterfaceOrientationPortrait UIInterfaceOrientationPortraitUpsideDown";
				LD_RUNPATH_SEARCH_PATHS = (
					"$(inherited)",
					"@executable_path/Frameworks",
				);
				MARKETING_VERSION = 1.0;
				PRODUCT_BUNDLE_IDENTIFIER = com.alaMurat.GetirFinalCase;
				PRODUCT_NAME = "$(TARGET_NAME)";
				SWIFT_EMIT_LOC_STRINGS = YES;
				SWIFT_VERSION = 5.0;
				TARGETED_DEVICE_FAMILY = "1,2";
			};
			name = Debug;
		};
		FB6B7B0D2BC547B800044824 /* Release */ = {
			isa = XCBuildConfiguration;
			buildSettings = {
				ASSETCATALOG_COMPILER_APPICON_NAME = AppIcon;
				ASSETCATALOG_COMPILER_GLOBAL_ACCENT_COLOR_NAME = AccentColor;
				CODE_SIGN_STYLE = Automatic;
				CURRENT_PROJECT_VERSION = 1;
				DEVELOPMENT_TEAM = A94ZNMJSTF;
				GENERATE_INFOPLIST_FILE = YES;
				INFOPLIST_FILE = GetirFinalCase/Info.plist;
				INFOPLIST_KEY_UIApplicationSupportsIndirectInputEvents = YES;
				INFOPLIST_KEY_UILaunchStoryboardName = LaunchScreen;
				INFOPLIST_KEY_UISupportedInterfaceOrientations = UIInterfaceOrientationPortrait;
				INFOPLIST_KEY_UISupportedInterfaceOrientations_iPad = "UIInterfaceOrientationPortrait UIInterfaceOrientationPortraitUpsideDown";
				LD_RUNPATH_SEARCH_PATHS = (
					"$(inherited)",
					"@executable_path/Frameworks",
				);
				MARKETING_VERSION = 1.0;
				PRODUCT_BUNDLE_IDENTIFIER = com.alaMurat.GetirFinalCase;
				PRODUCT_NAME = "$(TARGET_NAME)";
				SWIFT_EMIT_LOC_STRINGS = YES;
				SWIFT_VERSION = 5.0;
				TARGETED_DEVICE_FAMILY = "1,2";
			};
			name = Release;
		};
		FB6B7B0F2BC547B800044824 /* Debug */ = {
			isa = XCBuildConfiguration;
			buildSettings = {
				ALWAYS_EMBED_SWIFT_STANDARD_LIBRARIES = YES;
				BUNDLE_LOADER = "$(TEST_HOST)";
				CODE_SIGN_STYLE = Automatic;
				CURRENT_PROJECT_VERSION = 1;
				DEVELOPMENT_TEAM = A94ZNMJSTF;
				GENERATE_INFOPLIST_FILE = YES;
				IPHONEOS_DEPLOYMENT_TARGET = 15.0;
				MARKETING_VERSION = 1.0;
				PRODUCT_BUNDLE_IDENTIFIER = com.alaMurat.GetirFinalCaseTests;
				PRODUCT_NAME = "$(TARGET_NAME)";
				SWIFT_EMIT_LOC_STRINGS = NO;
				SWIFT_VERSION = 5.0;
				TARGETED_DEVICE_FAMILY = "1,2";
				TEST_HOST = "$(BUILT_PRODUCTS_DIR)/GetirFinalCase.app/$(BUNDLE_EXECUTABLE_FOLDER_PATH)/GetirFinalCase";
			};
			name = Debug;
		};
		FB6B7B102BC547B800044824 /* Release */ = {
			isa = XCBuildConfiguration;
			buildSettings = {
				ALWAYS_EMBED_SWIFT_STANDARD_LIBRARIES = YES;
				BUNDLE_LOADER = "$(TEST_HOST)";
				CODE_SIGN_STYLE = Automatic;
				CURRENT_PROJECT_VERSION = 1;
				DEVELOPMENT_TEAM = A94ZNMJSTF;
				GENERATE_INFOPLIST_FILE = YES;
				IPHONEOS_DEPLOYMENT_TARGET = 15.0;
				MARKETING_VERSION = 1.0;
				PRODUCT_BUNDLE_IDENTIFIER = com.alaMurat.GetirFinalCaseTests;
				PRODUCT_NAME = "$(TARGET_NAME)";
				SWIFT_EMIT_LOC_STRINGS = NO;
				SWIFT_VERSION = 5.0;
				TARGETED_DEVICE_FAMILY = "1,2";
				TEST_HOST = "$(BUILT_PRODUCTS_DIR)/GetirFinalCase.app/$(BUNDLE_EXECUTABLE_FOLDER_PATH)/GetirFinalCase";
			};
			name = Release;
		};
		FB6B7B122BC547B800044824 /* Debug */ = {
			isa = XCBuildConfiguration;
			buildSettings = {
				ALWAYS_EMBED_SWIFT_STANDARD_LIBRARIES = YES;
				CODE_SIGN_STYLE = Automatic;
				CURRENT_PROJECT_VERSION = 1;
				DEVELOPMENT_TEAM = A94ZNMJSTF;
				GENERATE_INFOPLIST_FILE = YES;
				MARKETING_VERSION = 1.0;
				PRODUCT_BUNDLE_IDENTIFIER = com.alaMurat.GetirFinalCaseUITests;
				PRODUCT_NAME = "$(TARGET_NAME)";
				SWIFT_EMIT_LOC_STRINGS = NO;
				SWIFT_VERSION = 5.0;
				TARGETED_DEVICE_FAMILY = "1,2";
				TEST_TARGET_NAME = GetirFinalCase;
			};
			name = Debug;
		};
		FB6B7B132BC547B800044824 /* Release */ = {
			isa = XCBuildConfiguration;
			buildSettings = {
				ALWAYS_EMBED_SWIFT_STANDARD_LIBRARIES = YES;
				CODE_SIGN_STYLE = Automatic;
				CURRENT_PROJECT_VERSION = 1;
				DEVELOPMENT_TEAM = A94ZNMJSTF;
				GENERATE_INFOPLIST_FILE = YES;
				MARKETING_VERSION = 1.0;
				PRODUCT_BUNDLE_IDENTIFIER = com.alaMurat.GetirFinalCaseUITests;
				PRODUCT_NAME = "$(TARGET_NAME)";
				SWIFT_EMIT_LOC_STRINGS = NO;
				SWIFT_VERSION = 5.0;
				TARGETED_DEVICE_FAMILY = "1,2";
				TEST_TARGET_NAME = GetirFinalCase;
			};
			name = Release;
		};
/* End XCBuildConfiguration section */

/* Begin XCConfigurationList section */
		FB6B7ADC2BC547B600044824 /* Build configuration list for PBXProject "GetirFinalCase" */ = {
			isa = XCConfigurationList;
			buildConfigurations = (
				FB6B7B092BC547B800044824 /* Debug */,
				FB6B7B0A2BC547B800044824 /* Release */,
			);
			defaultConfigurationIsVisible = 0;
			defaultConfigurationName = Release;
		};
		FB6B7B0B2BC547B800044824 /* Build configuration list for PBXNativeTarget "GetirFinalCase" */ = {
			isa = XCConfigurationList;
			buildConfigurations = (
				FB6B7B0C2BC547B800044824 /* Debug */,
				FB6B7B0D2BC547B800044824 /* Release */,
			);
			defaultConfigurationIsVisible = 0;
			defaultConfigurationName = Release;
		};
		FB6B7B0E2BC547B800044824 /* Build configuration list for PBXNativeTarget "GetirFinalCaseTests" */ = {
			isa = XCConfigurationList;
			buildConfigurations = (
				FB6B7B0F2BC547B800044824 /* Debug */,
				FB6B7B102BC547B800044824 /* Release */,
			);
			defaultConfigurationIsVisible = 0;
			defaultConfigurationName = Release;
		};
		FB6B7B112BC547B800044824 /* Build configuration list for PBXNativeTarget "GetirFinalCaseUITests" */ = {
			isa = XCConfigurationList;
			buildConfigurations = (
				FB6B7B122BC547B800044824 /* Debug */,
				FB6B7B132BC547B800044824 /* Release */,
			);
			defaultConfigurationIsVisible = 0;
			defaultConfigurationName = Release;
		};
/* End XCConfigurationList section */

/* Begin XCRemoteSwiftPackageReference section */
		FB504B0C2BC6CECB00AC1AED /* XCRemoteSwiftPackageReference "SDWebImage" */ = {
			isa = XCRemoteSwiftPackageReference;
			repositoryURL = "https://github.com/SDWebImage/SDWebImage";
			requirement = {
				kind = upToNextMajorVersion;
				minimumVersion = 5.19.1;
			};
		};
		FB6B7B432BC59BF900044824 /* XCRemoteSwiftPackageReference "Moya" */ = {
			isa = XCRemoteSwiftPackageReference;
			repositoryURL = "https://github.com/Moya/Moya";
			requirement = {
				kind = upToNextMajorVersion;
				minimumVersion = 15.0.3;
			};
		};
		FBAD9ED22BC81E6400E52138 /* XCRemoteSwiftPackageReference "realm-swift" */ = {
			isa = XCRemoteSwiftPackageReference;
			repositoryURL = "https://github.com/realm/realm-swift";
			requirement = {
				branch = master;
				kind = branch;
			};
		};
/* End XCRemoteSwiftPackageReference section */

/* Begin XCSwiftPackageProductDependency section */
		FB504B0D2BC6CECB00AC1AED /* SDWebImage */ = {
			isa = XCSwiftPackageProductDependency;
			package = FB504B0C2BC6CECB00AC1AED /* XCRemoteSwiftPackageReference "SDWebImage" */;
			productName = SDWebImage;
		};
		FB6B7B442BC59BFA00044824 /* Moya */ = {
			isa = XCSwiftPackageProductDependency;
			package = FB6B7B432BC59BF900044824 /* XCRemoteSwiftPackageReference "Moya" */;
			productName = Moya;
		};
		FB6B7B462BC59BFA00044824 /* RxMoya */ = {
			isa = XCSwiftPackageProductDependency;
			package = FB6B7B432BC59BF900044824 /* XCRemoteSwiftPackageReference "Moya" */;
			productName = RxMoya;
		};
		FBAD9ED32BC81E6400E52138 /* Realm */ = {
			isa = XCSwiftPackageProductDependency;
			package = FBAD9ED22BC81E6400E52138 /* XCRemoteSwiftPackageReference "realm-swift" */;
			productName = Realm;
		};
		FBAD9ED52BC81E6400E52138 /* RealmSwift */ = {
			isa = XCSwiftPackageProductDependency;
			package = FBAD9ED22BC81E6400E52138 /* XCRemoteSwiftPackageReference "realm-swift" */;
			productName = RealmSwift;
		};
/* End XCSwiftPackageProductDependency section */
	};
	rootObject = FB6B7AD92BC547B600044824 /* Project object */;
}
